// !$*UTF8*$!
{
	archiveVersion = 1;
	classes = {
	};
	objectVersion = 46;
	objects = {

/* Begin PBXBuildFile section */
		6A9C04F21DBBB30D008CCDA1 /* CosmosDistrib.swift in Sources */ = {isa = PBXBuildFile; fileRef = 6A9C04F11DBBB30D008CCDA1 /* CosmosDistrib.swift */; };
		6AB948A01DBB3F00009EFF1D /* AppDelegate.swift in Sources */ = {isa = PBXBuildFile; fileRef = 6AB9489F1DBB3F00009EFF1D /* AppDelegate.swift */; };
		6AB948A21DBB3F00009EFF1D /* ViewController.swift in Sources */ = {isa = PBXBuildFile; fileRef = 6AB948A11DBB3F00009EFF1D /* ViewController.swift */; };
		6AB948A51DBB3F00009EFF1D /* Main.storyboard in Resources */ = {isa = PBXBuildFile; fileRef = 6AB948A31DBB3F00009EFF1D /* Main.storyboard */; };
		6AB948A71DBB3F00009EFF1D /* Assets.xcassets in Resources */ = {isa = PBXBuildFile; fileRef = 6AB948A61DBB3F00009EFF1D /* Assets.xcassets */; };
		6AB948AA1DBB3F00009EFF1D /* LaunchScreen.storyboard in Resources */ = {isa = PBXBuildFile; fileRef = 6AB948A81DBB3F00009EFF1D /* LaunchScreen.storyboard */; };
		6AB948B51DBB3F01009EFF1D /* HarambeTabTests.swift in Sources */ = {isa = PBXBuildFile; fileRef = 6AB948B41DBB3F01009EFF1D /* HarambeTabTests.swift */; };
		6AB948C01DBB3F01009EFF1D /* HarambeTabUITests.swift in Sources */ = {isa = PBXBuildFile; fileRef = 6AB948BF1DBB3F01009EFF1D /* HarambeTabUITests.swift */; };
/* End PBXBuildFile section */

/* Begin PBXContainerItemProxy section */
		6AB948B11DBB3F01009EFF1D /* PBXContainerItemProxy */ = {
			isa = PBXContainerItemProxy;
			containerPortal = 6AB948941DBB3F00009EFF1D /* Project object */;
			proxyType = 1;
			remoteGlobalIDString = 6AB9489B1DBB3F00009EFF1D;
			remoteInfo = HarambeTab;
		};
		6AB948BC1DBB3F01009EFF1D /* PBXContainerItemProxy */ = {
			isa = PBXContainerItemProxy;
			containerPortal = 6AB948941DBB3F00009EFF1D /* Project object */;
			proxyType = 1;
			remoteGlobalIDString = 6AB9489B1DBB3F00009EFF1D;
			remoteInfo = HarambeTab;
		};
/* End PBXContainerItemProxy section */

/* Begin PBXFileReference section */
		6A9C04F11DBBB30D008CCDA1 /* CosmosDistrib.swift */ = {isa = PBXFileReference; fileEncoding = 4; lastKnownFileType = sourcecode.swift; path = CosmosDistrib.swift; sourceTree = "<group>"; };
		6AB9489C1DBB3F00009EFF1D /* HarambeTab.app */ = {isa = PBXFileReference; explicitFileType = wrapper.application; includeInIndex = 0; path = HarambeTab.app; sourceTree = BUILT_PRODUCTS_DIR; };
		6AB9489F1DBB3F00009EFF1D /* AppDelegate.swift */ = {isa = PBXFileReference; lastKnownFileType = sourcecode.swift; path = AppDelegate.swift; sourceTree = "<group>"; };
		6AB948A11DBB3F00009EFF1D /* ViewController.swift */ = {isa = PBXFileReference; lastKnownFileType = sourcecode.swift; path = ViewController.swift; sourceTree = "<group>"; };
		6AB948A41DBB3F00009EFF1D /* Base */ = {isa = PBXFileReference; lastKnownFileType = file.storyboard; name = Base; path = Base.lproj/Main.storyboard; sourceTree = "<group>"; };
		6AB948A61DBB3F00009EFF1D /* Assets.xcassets */ = {isa = PBXFileReference; lastKnownFileType = folder.assetcatalog; path = Assets.xcassets; sourceTree = "<group>"; };
		6AB948A91DBB3F00009EFF1D /* Base */ = {isa = PBXFileReference; lastKnownFileType = file.storyboard; name = Base; path = Base.lproj/LaunchScreen.storyboard; sourceTree = "<group>"; };
		6AB948AB1DBB3F00009EFF1D /* Info.plist */ = {isa = PBXFileReference; lastKnownFileType = text.plist.xml; path = Info.plist; sourceTree = "<group>"; };
		6AB948B01DBB3F01009EFF1D /* HarambeTabTests.xctest */ = {isa = PBXFileReference; explicitFileType = wrapper.cfbundle; includeInIndex = 0; path = HarambeTabTests.xctest; sourceTree = BUILT_PRODUCTS_DIR; };
		6AB948B41DBB3F01009EFF1D /* HarambeTabTests.swift */ = {isa = PBXFileReference; lastKnownFileType = sourcecode.swift; path = HarambeTabTests.swift; sourceTree = "<group>"; };
		6AB948B61DBB3F01009EFF1D /* Info.plist */ = {isa = PBXFileReference; lastKnownFileType = text.plist.xml; path = Info.plist; sourceTree = "<group>"; };
		6AB948BB1DBB3F01009EFF1D /* HarambeTabUITests.xctest */ = {isa = PBXFileReference; explicitFileType = wrapper.cfbundle; includeInIndex = 0; path = HarambeTabUITests.xctest; sourceTree = BUILT_PRODUCTS_DIR; };
		6AB948BF1DBB3F01009EFF1D /* HarambeTabUITests.swift */ = {isa = PBXFileReference; lastKnownFileType = sourcecode.swift; path = HarambeTabUITests.swift; sourceTree = "<group>"; };
		6AB948C11DBB3F01009EFF1D /* Info.plist */ = {isa = PBXFileReference; lastKnownFileType = text.plist.xml; path = Info.plist; sourceTree = "<group>"; };
/* End PBXFileReference section */

/* Begin PBXFrameworksBuildPhase section */
		6AB948991DBB3F00009EFF1D /* Frameworks */ = {
			isa = PBXFrameworksBuildPhase;
			buildActionMask = 2147483647;
			files = (
			);
			runOnlyForDeploymentPostprocessing = 0;
		};
		6AB948AD1DBB3F01009EFF1D /* Frameworks */ = {
			isa = PBXFrameworksBuildPhase;
			buildActionMask = 2147483647;
			files = (
			);
			runOnlyForDeploymentPostprocessing = 0;
		};
		6AB948B81DBB3F01009EFF1D /* Frameworks */ = {
			isa = PBXFrameworksBuildPhase;
			buildActionMask = 2147483647;
			files = (
			);
			runOnlyForDeploymentPostprocessing = 0;
		};
/* End PBXFrameworksBuildPhase section */

/* Begin PBXGroup section */
		6AB948931DBB3F00009EFF1D = {
			isa = PBXGroup;
			children = (
				6AB9489E1DBB3F00009EFF1D /* HarambeTab */,
				6AB948B31DBB3F01009EFF1D /* HarambeTabTests */,
				6AB948BE1DBB3F01009EFF1D /* HarambeTabUITests */,
				6AB9489D1DBB3F00009EFF1D /* Products */,
			);
			sourceTree = "<group>";
		};
		6AB9489D1DBB3F00009EFF1D /* Products */ = {
			isa = PBXGroup;
			children = (
				6AB9489C1DBB3F00009EFF1D /* HarambeTab.app */,
				6AB948B01DBB3F01009EFF1D /* HarambeTabTests.xctest */,
				6AB948BB1DBB3F01009EFF1D /* HarambeTabUITests.xctest */,
			);
			name = Products;
			sourceTree = "<group>";
		};
		6AB9489E1DBB3F00009EFF1D /* HarambeTab */ = {
			isa = PBXGroup;
			children = (
				6AB9489F1DBB3F00009EFF1D /* AppDelegate.swift */,
				6A9C04F11DBBB30D008CCDA1 /* CosmosDistrib.swift */,
				6AB948A11DBB3F00009EFF1D /* ViewController.swift */,
				6AB948A31DBB3F00009EFF1D /* Main.storyboard */,
				6AB948A61DBB3F00009EFF1D /* Assets.xcassets */,
				6AB948A81DBB3F00009EFF1D /* LaunchScreen.storyboard */,
				6AB948AB1DBB3F00009EFF1D /* Info.plist */,
			);
			path = HarambeTab;
			sourceTree = "<group>";
		};
		6AB948B31DBB3F01009EFF1D /* HarambeTabTests */ = {
			isa = PBXGroup;
			children = (
				6AB948B41DBB3F01009EFF1D /* HarambeTabTests.swift */,
				6AB948B61DBB3F01009EFF1D /* Info.plist */,
			);
			path = HarambeTabTests;
			sourceTree = "<group>";
		};
		6AB948BE1DBB3F01009EFF1D /* HarambeTabUITests */ = {
			isa = PBXGroup;
			children = (
				6AB948BF1DBB3F01009EFF1D /* HarambeTabUITests.swift */,
				6AB948C11DBB3F01009EFF1D /* Info.plist */,
			);
			path = HarambeTabUITests;
			sourceTree = "<group>";
		};
/* End PBXGroup section */

/* Begin PBXNativeTarget section */
		6AB9489B1DBB3F00009EFF1D /* HarambeTab */ = {
			isa = PBXNativeTarget;
			buildConfigurationList = 6AB948C41DBB3F01009EFF1D /* Build configuration list for PBXNativeTarget "HarambeTab" */;
			buildPhases = (
				6AB948981DBB3F00009EFF1D /* Sources */,
				6AB948991DBB3F00009EFF1D /* Frameworks */,
				6AB9489A1DBB3F00009EFF1D /* Resources */,
			);
			buildRules = (
			);
			dependencies = (
			);
			name = HarambeTab;
			productName = HarambeTab;
			productReference = 6AB9489C1DBB3F00009EFF1D /* HarambeTab.app */;
			productType = "com.apple.product-type.application";
		};
		6AB948AF1DBB3F01009EFF1D /* HarambeTabTests */ = {
			isa = PBXNativeTarget;
			buildConfigurationList = 6AB948C71DBB3F01009EFF1D /* Build configuration list for PBXNativeTarget "HarambeTabTests" */;
			buildPhases = (
				6AB948AC1DBB3F01009EFF1D /* Sources */,
				6AB948AD1DBB3F01009EFF1D /* Frameworks */,
				6AB948AE1DBB3F01009EFF1D /* Resources */,
			);
			buildRules = (
			);
			dependencies = (
				6AB948B21DBB3F01009EFF1D /* PBXTargetDependency */,
			);
			name = HarambeTabTests;
			productName = HarambeTabTests;
			productReference = 6AB948B01DBB3F01009EFF1D /* HarambeTabTests.xctest */;
			productType = "com.apple.product-type.bundle.unit-test";
		};
		6AB948BA1DBB3F01009EFF1D /* HarambeTabUITests */ = {
			isa = PBXNativeTarget;
			buildConfigurationList = 6AB948CA1DBB3F01009EFF1D /* Build configuration list for PBXNativeTarget "HarambeTabUITests" */;
			buildPhases = (
				6AB948B71DBB3F01009EFF1D /* Sources */,
				6AB948B81DBB3F01009EFF1D /* Frameworks */,
				6AB948B91DBB3F01009EFF1D /* Resources */,
			);
			buildRules = (
			);
			dependencies = (
				6AB948BD1DBB3F01009EFF1D /* PBXTargetDependency */,
			);
			name = HarambeTabUITests;
			productName = HarambeTabUITests;
			productReference = 6AB948BB1DBB3F01009EFF1D /* HarambeTabUITests.xctest */;
			productType = "com.apple.product-type.bundle.ui-testing";
		};
/* End PBXNativeTarget section */

/* Begin PBXProject section */
		6AB948941DBB3F00009EFF1D /* Project object */ = {
			isa = PBXProject;
			attributes = {
				LastSwiftUpdateCheck = 0800;
				LastUpgradeCheck = 0800;
				ORGANIZATIONNAME = "Pranav Jain";
				TargetAttributes = {
					6AB9489B1DBB3F00009EFF1D = {
						CreatedOnToolsVersion = 8.0;
						DevelopmentTeam = WJDVJGMV64;
						ProvisioningStyle = Automatic;
					};
					6AB948AF1DBB3F01009EFF1D = {
						CreatedOnToolsVersion = 8.0;
						DevelopmentTeam = WJDVJGMV64;
						ProvisioningStyle = Automatic;
						TestTargetID = 6AB9489B1DBB3F00009EFF1D;
					};
					6AB948BA1DBB3F01009EFF1D = {
						CreatedOnToolsVersion = 8.0;
						DevelopmentTeam = WJDVJGMV64;
						ProvisioningStyle = Automatic;
						TestTargetID = 6AB9489B1DBB3F00009EFF1D;
					};
				};
			};
			buildConfigurationList = 6AB948971DBB3F00009EFF1D /* Build configuration list for PBXProject "HarambeTab" */;
			compatibilityVersion = "Xcode 3.2";
			developmentRegion = English;
			hasScannedForEncodings = 0;
			knownRegions = (
				en,
				Base,
			);
			mainGroup = 6AB948931DBB3F00009EFF1D;
			productRefGroup = 6AB9489D1DBB3F00009EFF1D /* Products */;
			projectDirPath = "";
			projectRoot = "";
			targets = (
				6AB9489B1DBB3F00009EFF1D /* HarambeTab */,
				6AB948AF1DBB3F01009EFF1D /* HarambeTabTests */,
				6AB948BA1DBB3F01009EFF1D /* HarambeTabUITests */,
			);
		};
/* End PBXProject section */

/* Begin PBXResourcesBuildPhase section */
		6AB9489A1DBB3F00009EFF1D /* Resources */ = {
			isa = PBXResourcesBuildPhase;
			buildActionMask = 2147483647;
			files = (
				6AB948AA1DBB3F00009EFF1D /* LaunchScreen.storyboard in Resources */,
				6AB948A71DBB3F00009EFF1D /* Assets.xcassets in Resources */,
				6AB948A51DBB3F00009EFF1D /* Main.storyboard in Resources */,
			);
			runOnlyForDeploymentPostprocessing = 0;
		};
		6AB948AE1DBB3F01009EFF1D /* Resources */ = {
			isa = PBXResourcesBuildPhase;
			buildActionMask = 2147483647;
			files = (
			);
			runOnlyForDeploymentPostprocessing = 0;
		};
		6AB948B91DBB3F01009EFF1D /* Resources */ = {
			isa = PBXResourcesBuildPhase;
			buildActionMask = 2147483647;
			files = (
			);
			runOnlyForDeploymentPostprocessing = 0;
		};
/* End PBXResourcesBuildPhase section */

/* Begin PBXSourcesBuildPhase section */
		6AB948981DBB3F00009EFF1D /* Sources */ = {
			isa = PBXSourcesBuildPhase;
			buildActionMask = 2147483647;
			files = (
				6AB948A21DBB3F00009EFF1D /* ViewController.swift in Sources */,
				6AB948A01DBB3F00009EFF1D /* AppDelegate.swift in Sources */,
				6A9C04F21DBBB30D008CCDA1 /* CosmosDistrib.swift in Sources */,
			);
			runOnlyForDeploymentPostprocessing = 0;
		};
		6AB948AC1DBB3F01009EFF1D /* Sources */ = {
			isa = PBXSourcesBuildPhase;
			buildActionMask = 2147483647;
			files = (
				6AB948B51DBB3F01009EFF1D /* HarambeTabTests.swift in Sources */,
			);
			runOnlyForDeploymentPostprocessing = 0;
		};
		6AB948B71DBB3F01009EFF1D /* Sources */ = {
			isa = PBXSourcesBuildPhase;
			buildActionMask = 2147483647;
			files = (
				6AB948C01DBB3F01009EFF1D /* HarambeTabUITests.swift in Sources */,
			);
			runOnlyForDeploymentPostprocessing = 0;
		};
/* End PBXSourcesBuildPhase section */

/* Begin PBXTargetDependency section */
		6AB948B21DBB3F01009EFF1D /* PBXTargetDependency */ = {
			isa = PBXTargetDependency;
			target = 6AB9489B1DBB3F00009EFF1D /* HarambeTab */;
			targetProxy = 6AB948B11DBB3F01009EFF1D /* PBXContainerItemProxy */;
		};
		6AB948BD1DBB3F01009EFF1D /* PBXTargetDependency */ = {
			isa = PBXTargetDependency;
			target = 6AB9489B1DBB3F00009EFF1D /* HarambeTab */;
			targetProxy = 6AB948BC1DBB3F01009EFF1D /* PBXContainerItemProxy */;
		};
/* End PBXTargetDependency section */

/* Begin PBXVariantGroup section */
		6AB948A31DBB3F00009EFF1D /* Main.storyboard */ = {
			isa = PBXVariantGroup;
			children = (
				6AB948A41DBB3F00009EFF1D /* Base */,
			);
			name = Main.storyboard;
			sourceTree = "<group>";
		};
		6AB948A81DBB3F00009EFF1D /* LaunchScreen.storyboard */ = {
			isa = PBXVariantGroup;
			children = (
				6AB948A91DBB3F00009EFF1D /* Base */,
			);
			name = LaunchScreen.storyboard;
			sourceTree = "<group>";
		};
/* End PBXVariantGroup section */

/* Begin XCBuildConfiguration section */
		6AB948C21DBB3F01009EFF1D /* Debug */ = {
			isa = XCBuildConfiguration;
			buildSettings = {
				ALWAYS_SEARCH_USER_PATHS = NO;
				CLANG_ANALYZER_NONNULL = YES;
				CLANG_CXX_LANGUAGE_STANDARD = "gnu++0x";
				CLANG_CXX_LIBRARY = "libc++";
				CLANG_ENABLE_MODULES = YES;
				CLANG_ENABLE_OBJC_ARC = YES;
				CLANG_WARN_BOOL_CONVERSION = YES;
				CLANG_WARN_CONSTANT_CONVERSION = YES;
				CLANG_WARN_DIRECT_OBJC_ISA_USAGE = YES_ERROR;
				CLANG_WARN_DOCUMENTATION_COMMENTS = YES;
				CLANG_WARN_EMPTY_BODY = YES;
				CLANG_WARN_ENUM_CONVERSION = YES;
				CLANG_WARN_INFINITE_RECURSION = YES;
				CLANG_WARN_INT_CONVERSION = YES;
				CLANG_WARN_OBJC_ROOT_CLASS = YES_ERROR;
				CLANG_WARN_SUSPICIOUS_MOVES = YES;
				CLANG_WARN_UNREACHABLE_CODE = YES;
				CLANG_WARN__DUPLICATE_METHOD_MATCH = YES;
				"CODE_SIGN_IDENTITY[sdk=iphoneos*]" = "iPhone Developer";
				COPY_PHASE_STRIP = NO;
				DEBUG_INFORMATION_FORMAT = dwarf;
				ENABLE_STRICT_OBJC_MSGSEND = YES;
				ENABLE_TESTABILITY = YES;
				GCC_C_LANGUAGE_STANDARD = gnu99;
				GCC_DYNAMIC_NO_PIC = NO;
				GCC_NO_COMMON_BLOCKS = YES;
				GCC_OPTIMIZATION_LEVEL = 0;
				GCC_PREPROCESSOR_DEFINITIONS = (
					"DEBUG=1",
					"$(inherited)",
				);
				GCC_WARN_64_TO_32_BIT_CONVERSION = YES;
				GCC_WARN_ABOUT_RETURN_TYPE = YES_ERROR;
				GCC_WARN_UNDECLARED_SELECTOR = YES;
				GCC_WARN_UNINITIALIZED_AUTOS = YES_AGGRESSIVE;
				GCC_WARN_UNUSED_FUNCTION = YES;
				GCC_WARN_UNUSED_VARIABLE = YES;
				IPHONEOS_DEPLOYMENT_TARGET = 10.0;
				MTL_ENABLE_DEBUG_INFO = YES;
				ONLY_ACTIVE_ARCH = YES;
				SDKROOT = iphoneos;
				SWIFT_ACTIVE_COMPILATION_CONDITIONS = DEBUG;
				SWIFT_OPTIMIZATION_LEVEL = "-Onone";
			};
			name = Debug;
		};
		6AB948C31DBB3F01009EFF1D /* Release */ = {
			isa = XCBuildConfiguration;
			buildSettings = {
				ALWAYS_SEARCH_USER_PATHS = NO;
				CLANG_ANALYZER_NONNULL = YES;
				CLANG_CXX_LANGUAGE_STANDARD = "gnu++0x";
				CLANG_CXX_LIBRARY = "libc++";
				CLANG_ENABLE_MODULES = YES;
				CLANG_ENABLE_OBJC_ARC = YES;
				CLANG_WARN_BOOL_CONVERSION = YES;
				CLANG_WARN_CONSTANT_CONVERSION = YES;
				CLANG_WARN_DIRECT_OBJC_ISA_USAGE = YES_ERROR;
				CLANG_WARN_DOCUMENTATION_COMMENTS = YES;
				CLANG_WARN_EMPTY_BODY = YES;
				CLANG_WARN_ENUM_CONVERSION = YES;
				CLANG_WARN_INFINITE_RECURSION = YES;
				CLANG_WARN_INT_CONVERSION = YES;
				CLANG_WARN_OBJC_ROOT_CLASS = YES_ERROR;
				CLANG_WARN_SUSPICIOUS_MOVES = YES;
				CLANG_WARN_UNREACHABLE_CODE = YES;
				CLANG_WARN__DUPLICATE_METHOD_MATCH = YES;
				"CODE_SIGN_IDENTITY[sdk=iphoneos*]" = "iPhone Developer";
				COPY_PHASE_STRIP = NO;
				DEBUG_INFORMATION_FORMAT = "dwarf-with-dsym";
				ENABLE_NS_ASSERTIONS = NO;
				ENABLE_STRICT_OBJC_MSGSEND = YES;
				GCC_C_LANGUAGE_STANDARD = gnu99;
				GCC_NO_COMMON_BLOCKS = YES;
				GCC_WARN_64_TO_32_BIT_CONVERSION = YES;
				GCC_WARN_ABOUT_RETURN_TYPE = YES_ERROR;
				GCC_WARN_UNDECLARED_SELECTOR = YES;
				GCC_WARN_UNINITIALIZED_AUTOS = YES_AGGRESSIVE;
				GCC_WARN_UNUSED_FUNCTION = YES;
				GCC_WARN_UNUSED_VARIABLE = YES;
				IPHONEOS_DEPLOYMENT_TARGET = 10.0;
				MTL_ENABLE_DEBUG_INFO = NO;
				SDKROOT = iphoneos;
				SWIFT_OPTIMIZATION_LEVEL = "-Owholemodule";
				VALIDATE_PRODUCT = YES;
			};
			name = Release;
		};
		6AB948C51DBB3F01009EFF1D /* Debug */ = {
			isa = XCBuildConfiguration;
			buildSettings = {
				ASSETCATALOG_COMPILER_APPICON_NAME = AppIcon;
				DEVELOPMENT_TEAM = WJDVJGMV64;
				INFOPLIST_FILE = HarambeTab/Info.plist;
				LD_RUNPATH_SEARCH_PATHS = "$(inherited) @executable_path/Frameworks";
				PRODUCT_BUNDLE_IDENTIFIER = HTT.HarambeTab;
				PRODUCT_NAME = "$(TARGET_NAME)";
				SWIFT_VERSION = 3.0;
			};
			name = Debug;
		};
		6AB948C61DBB3F01009EFF1D /* Release */ = {
			isa = XCBuildConfiguration;
			buildSettings = {
				ASSETCATALOG_COMPILER_APPICON_NAME = AppIcon;
				DEVELOPMENT_TEAM = WJDVJGMV64;
				INFOPLIST_FILE = HarambeTab/Info.plist;
				LD_RUNPATH_SEARCH_PATHS = "$(inherited) @executable_path/Frameworks";
				PRODUCT_BUNDLE_IDENTIFIER = HTT.HarambeTab;
				PRODUCT_NAME = "$(TARGET_NAME)";
				SWIFT_VERSION = 3.0;
			};
			name = Release;
		};
		6AB948C81DBB3F01009EFF1D /* Debug */ = {
			isa = XCBuildConfiguration;
			buildSettings = {
				ALWAYS_EMBED_SWIFT_STANDARD_LIBRARIES = YES;
				BUNDLE_LOADER = "$(TEST_HOST)";
				DEVELOPMENT_TEAM = WJDVJGMV64;
				INFOPLIST_FILE = HarambeTabTests/Info.plist;
				LD_RUNPATH_SEARCH_PATHS = "$(inherited) @executable_path/Frameworks @loader_path/Frameworks";
				PRODUCT_BUNDLE_IDENTIFIER = HTT.HarambeTabTests;
				PRODUCT_NAME = "$(TARGET_NAME)";
				SWIFT_VERSION = 3.0;
				TEST_HOST = "$(BUILT_PRODUCTS_DIR)/HarambeTab.app/HarambeTab";
			};
			name = Debug;
		};
		6AB948C91DBB3F01009EFF1D /* Release */ = {
			isa = XCBuildConfiguration;
			buildSettings = {
				ALWAYS_EMBED_SWIFT_STANDARD_LIBRARIES = YES;
				BUNDLE_LOADER = "$(TEST_HOST)";
				DEVELOPMENT_TEAM = WJDVJGMV64;
				INFOPLIST_FILE = HarambeTabTests/Info.plist;
				LD_RUNPATH_SEARCH_PATHS = "$(inherited) @executable_path/Frameworks @loader_path/Frameworks";
				PRODUCT_BUNDLE_IDENTIFIER = HTT.HarambeTabTests;
				PRODUCT_NAME = "$(TARGET_NAME)";
				SWIFT_VERSION = 3.0;
				TEST_HOST = "$(BUILT_PRODUCTS_DIR)/HarambeTab.app/HarambeTab";
			};
			name = Release;
		};
		6AB948CB1DBB3F01009EFF1D /* Debug */ = {
			isa = XCBuildConfiguration;
			buildSettings = {
				ALWAYS_EMBED_SWIFT_STANDARD_LIBRARIES = YES;
				DEVELOPMENT_TEAM = WJDVJGMV64;
				INFOPLIST_FILE = HarambeTabUITests/Info.plist;
				LD_RUNPATH_SEARCH_PATHS = "$(inherited) @executable_path/Frameworks @loader_path/Frameworks";
				PRODUCT_BUNDLE_IDENTIFIER = HTT.HarambeTabUITests;
				PRODUCT_NAME = "$(TARGET_NAME)";
				SWIFT_VERSION = 3.0;
				TEST_TARGET_NAME = HarambeTab;
			};
			name = Debug;
		};
		6AB948CC1DBB3F01009EFF1D /* Release */ = {
			isa = XCBuildConfiguration;
			buildSettings = {
				ALWAYS_EMBED_SWIFT_STANDARD_LIBRARIES = YES;
				DEVELOPMENT_TEAM = WJDVJGMV64;
				INFOPLIST_FILE = HarambeTabUITests/Info.plist;
				LD_RUNPATH_SEARCH_PATHS = "$(inherited) @executable_path/Frameworks @loader_path/Frameworks";
				PRODUCT_BUNDLE_IDENTIFIER = HTT.HarambeTabUITests;
				PRODUCT_NAME = "$(TARGET_NAME)";
				SWIFT_VERSION = 3.0;
				TEST_TARGET_NAME = HarambeTab;
			};
			name = Release;
		};
/* End XCBuildConfiguration section */

/* Begin XCConfigurationList section */
		6AB948971DBB3F00009EFF1D /* Build configuration list for PBXProject "HarambeTab" */ = {
			isa = XCConfigurationList;
			buildConfigurations = (
				6AB948C21DBB3F01009EFF1D /* Debug */,
				6AB948C31DBB3F01009EFF1D /* Release */,
			);
			defaultConfigurationIsVisible = 0;
			defaultConfigurationName = Release;
		};
		6AB948C41DBB3F01009EFF1D /* Build configuration list for PBXNativeTarget "HarambeTab" */ = {
			isa = XCConfigurationList;
			buildConfigurations = (
				6AB948C51DBB3F01009EFF1D /* Debug */,
				6AB948C61DBB3F01009EFF1D /* Release */,
			);
			defaultConfigurationIsVisible = 0;
			defaultConfigurationName = Release;
		};
		6AB948C71DBB3F01009EFF1D /* Build configuration list for PBXNativeTarget "HarambeTabTests" */ = {
			isa = XCConfigurationList;
			buildConfigurations = (
				6AB948C81DBB3F01009EFF1D /* Debug */,
				6AB948C91DBB3F01009EFF1D /* Release */,
			);
			defaultConfigurationIsVisible = 0;
			defaultConfigurationName = Release;
		};
		6AB948CA1DBB3F01009EFF1D /* Build configuration list for PBXNativeTarget "HarambeTabUITests" */ = {
			isa = XCConfigurationList;
			buildConfigurations = (
				6AB948CB1DBB3F01009EFF1D /* Debug */,
				6AB948CC1DBB3F01009EFF1D /* Release */,
			);
			defaultConfigurationIsVisible = 0;
			defaultConfigurationName = Release;
		};
/* End XCConfigurationList section */
	};
	rootObject = 6AB948941DBB3F00009EFF1D /* Project object */;
}
